
Microsoft Visual Studio Solution File, Format Version 12.00
# Visual Studio Version 17
VisualStudioVersion = 17.9.34728.123
MinimumVisualStudioVersion = 10.0.40219.1
Project("{9A19103F-16F7-4668-BE54-9A1E7A4F7556}") = "Aplicacao", "Aplicacao.csproj", "{12D7F239-BF82-4DEA-9153-E920062F349F}"
EndProject
Project("{2150E333-8FDC-42A3-9474-1A3956D46DE8}") = "1-Aplicação", "1-Aplicação", "{88B91CE4-94BD-4863-8532-85400A4CF139}"
EndProject
Project("{2150E333-8FDC-42A3-9474-1A3956D46DE8}") = "2-Domínio", "2-Domínio", "{F33F1EF4-0BED-454B-A023-F60B4D873CB3}"
EndProject
Project("{2150E333-8FDC-42A3-9474-1A3956D46DE8}") = "3-Repositório", "3-Repositório", "{C866A88B-714F-4588-BE93-BE3B0D3A696F}"
EndProject
Project("{2150E333-8FDC-42A3-9474-1A3956D46DE8}") = "4-Infraestrutura", "4-Infraestrutura", "{48A91938-D77E-481E-A1B9-B6E72A4BE5BF}"
EndProject
Project("{9A19103F-16F7-4668-BE54-9A1E7A4F7556}") = "Dominio", "..\Dominio\Dominio.csproj", "{77723DD9-B53C-4187-AE0E-1CA20A4479E5}"
EndProject
Project("{FAE04EC0-301F-11D3-BF4B-00C04F79EFBC}") = "Repositorio", "..\Repositorio\Repositorio.csproj", "{B1C63438-F719-4585-8C87-C14229D94E30}"
EndProject
Global
	GlobalSection(SolutionConfigurationPlatforms) = preSolution
		Debug|Any CPU = Debug|Any CPU
		Release|Any CPU = Release|Any CPU
	EndGlobalSection
	GlobalSection(ProjectConfigurationPlatforms) = postSolution
		{12D7F239-BF82-4DEA-9153-E920062F349F}.Debug|Any CPU.ActiveCfg = Debug|Any CPU
		{12D7F239-BF82-4DEA-9153-E920062F349F}.Debug|Any CPU.Build.0 = Debug|Any CPU
		{12D7F239-BF82-4DEA-9153-E920062F349F}.Release|Any CPU.ActiveCfg = Release|Any CPU
		{12D7F239-BF82-4DEA-9153-E920062F349F}.Release|Any CPU.Build.0 = Release|Any CPU
		{77723DD9-B53C-4187-AE0E-1CA20A4479E5}.Debug|Any CPU.ActiveCfg = Debug|Any CPU
		{77723DD9-B53C-4187-AE0E-1CA20A4479E5}.Debug|Any CPU.Build.0 = Debug|Any CPU
		{77723DD9-B53C-4187-AE0E-1CA20A4479E5}.Release|Any CPU.ActiveCfg = Release|Any CPU
		{77723DD9-B53C-4187-AE0E-1CA20A4479E5}.Release|Any CPU.Build.0 = Release|Any CPU
		{B1C63438-F719-4585-8C87-C14229D94E30}.Debug|Any CPU.ActiveCfg = Debug|Any CPU
		{B1C63438-F719-4585-8C87-C14229D94E30}.Debug|Any CPU.Build.0 = Debug|Any CPU
		{B1C63438-F719-4585-8C87-C14229D94E30}.Release|Any CPU.ActiveCfg = Release|Any CPU
		{B1C63438-F719-4585-8C87-C14229D94E30}.Release|Any CPU.Build.0 = Release|Any CPU
	EndGlobalSection
	GlobalSection(SolutionProperties) = preSolution
		HideSolutionNode = FALSE
	EndGlobalSection
	GlobalSection(NestedProjects) = preSolution
		{12D7F239-BF82-4DEA-9153-E920062F349F} = {88B91CE4-94BD-4863-8532-85400A4CF139}
		{77723DD9-B53C-4187-AE0E-1CA20A4479E5} = {F33F1EF4-0BED-454B-A023-F60B4D873CB3}
		{B1C63438-F719-4585-8C87-C14229D94E30} = {C866A88B-714F-4588-BE93-BE3B0D3A696F}
	EndGlobalSection
	GlobalSection(ExtensibilityGlobals) = postSolution
		SolutionGuid = {C6DD5928-C5FA-4158-89FF-FA49B78080F4}
	EndGlobalSection
EndGlobal
